
Microsoft Visual Studio Solution File, Format Version 12.00
# Visual Studio Version 17
VisualStudioVersion = 17.8.34525.116
MinimumVisualStudioVersion = 10.0.40219.1
Project("{2150E333-8FDC-42A3-9474-1A3956D46DE8}") = "00.package", "00.package", "{C4213933-FB3E-4BC0-86C2-1EC663A59F93}"
EndProject
Project("{2150E333-8FDC-42A3-9474-1A3956D46DE8}") = "01.Core", "01.Core", "{27FB81B3-B2D4-40E9-A116-87ABF979BC1C}"
EndProject
Project("{2150E333-8FDC-42A3-9474-1A3956D46DE8}") = "02.Instructure", "02.Instructure", "{E1D92383-B5FE-4CD5-AB21-77EF9FBD8850}"
EndProject
Project("{2150E333-8FDC-42A3-9474-1A3956D46DE8}") = "03.Persistention", "03.Persistention", "{EF7A218A-9FE8-41A9-B61B-47E2AB297A9A}"
EndProject
Project("{2150E333-8FDC-42A3-9474-1A3956D46DE8}") = "src", "src", "{4A6C8D91-8D27-4068-B562-D76C9D28B67B}"
EndProject
Project("{9A19103F-16F7-4668-BE54-9A1E7A4F7556}") = "restaurant.Entitis", "restaurant.Entitis\restaurant.Entitis.csproj", "{E14D6DDF-B8E8-4AEB-9B71-0A10D20124B7}"
EndProject
Project("{9A19103F-16F7-4668-BE54-9A1E7A4F7556}") = "restaurants.Services", "restaurant.Services\restaurants.Services.csproj", "{A969410B-B083-40C2-80B6-C5D80317DDBC}"
EndProject
Project("{9A19103F-16F7-4668-BE54-9A1E7A4F7556}") = "restaurants.migrations", "restaurant.Migratios\restaurants.migrations.csproj", "{73A13883-857F-438C-B3CB-CCAFD5FE558A}"
EndProject
Project("{9A19103F-16F7-4668-BE54-9A1E7A4F7556}") = "restaurants.persistence.EF", "restaurant.persistence.EF\restaurants.persistence.EF.csproj", "{16EE9A38-5B95-4D08-9AD7-B13DEA56F3F4}"
EndProject
Project("{9A19103F-16F7-4668-BE54-9A1E7A4F7556}") = "restaurants.RestApi", "restaurant.RestApi\restaurants.RestApi.csproj", "{8D754B2F-997B-4AAB-9C3F-D1198C81E25D}"
EndProject
Project("{9A19103F-16F7-4668-BE54-9A1E7A4F7556}") = "Restaurants.Contracts", "Restaurants.Contracts\Restaurants.Contracts.csproj", "{5EE3DE17-3D36-42A5-BE62-61A571435FBB}"
EndProject
Project("{2150E333-8FDC-42A3-9474-1A3956D46DE8}") = "test", "test", "{1B9953FE-75E8-47EA-88F6-A73F331ED2E4}"
EndProject
Project("{9A19103F-16F7-4668-BE54-9A1E7A4F7556}") = "Restaurant.Service.UnitTest", "Restaurant.Service.UnitTest\Restaurant.Service.UnitTest.csproj", "{DD2D6211-3436-44E6-AA9F-1264A1147364}"
EndProject
Project("{9A19103F-16F7-4668-BE54-9A1E7A4F7556}") = "Restaurant.Test.Tools", "Restaurant.Test.Tools\Restaurant.Test.Tools.csproj", "{D78688D5-54AD-4090-8218-9381700B0BCB}"
EndProject
Project("{2150E333-8FDC-42A3-9474-1A3956D46DE8}") = "Solution Items", "Solution Items", "{4155A4C5-CC3E-4029-9D6C-F1318C182614}"
	ProjectSection(SolutionItems) = preProject
		.gitignore = .gitignore
	EndProjectSection
EndProject
Global
	GlobalSection(SolutionConfigurationPlatforms) = preSolution
		Debug|Any CPU = Debug|Any CPU
		Release|Any CPU = Release|Any CPU
	EndGlobalSection
	GlobalSection(ProjectConfigurationPlatforms) = postSolution
		{E14D6DDF-B8E8-4AEB-9B71-0A10D20124B7}.Debug|Any CPU.ActiveCfg = Debug|Any CPU
		{E14D6DDF-B8E8-4AEB-9B71-0A10D20124B7}.Debug|Any CPU.Build.0 = Debug|Any CPU
		{E14D6DDF-B8E8-4AEB-9B71-0A10D20124B7}.Release|Any CPU.ActiveCfg = Release|Any CPU
		{E14D6DDF-B8E8-4AEB-9B71-0A10D20124B7}.Release|Any CPU.Build.0 = Release|Any CPU
		{A969410B-B083-40C2-80B6-C5D80317DDBC}.Debug|Any CPU.ActiveCfg = Debug|Any CPU
		{A969410B-B083-40C2-80B6-C5D80317DDBC}.Debug|Any CPU.Build.0 = Debug|Any CPU
		{A969410B-B083-40C2-80B6-C5D80317DDBC}.Release|Any CPU.ActiveCfg = Release|Any CPU
		{A969410B-B083-40C2-80B6-C5D80317DDBC}.Release|Any CPU.Build.0 = Release|Any CPU
		{73A13883-857F-438C-B3CB-CCAFD5FE558A}.Debug|Any CPU.ActiveCfg = Debug|Any CPU
		{73A13883-857F-438C-B3CB-CCAFD5FE558A}.Debug|Any CPU.Build.0 = Debug|Any CPU
		{73A13883-857F-438C-B3CB-CCAFD5FE558A}.Release|Any CPU.ActiveCfg = Release|Any CPU
		{73A13883-857F-438C-B3CB-CCAFD5FE558A}.Release|Any CPU.Build.0 = Release|Any CPU
		{16EE9A38-5B95-4D08-9AD7-B13DEA56F3F4}.Debug|Any CPU.ActiveCfg = Debug|Any CPU
		{16EE9A38-5B95-4D08-9AD7-B13DEA56F3F4}.Debug|Any CPU.Build.0 = Debug|Any CPU
		{16EE9A38-5B95-4D08-9AD7-B13DEA56F3F4}.Release|Any CPU.ActiveCfg = Release|Any CPU
		{16EE9A38-5B95-4D08-9AD7-B13DEA56F3F4}.Release|Any CPU.Build.0 = Release|Any CPU
		{8D754B2F-997B-4AAB-9C3F-D1198C81E25D}.Debug|Any CPU.ActiveCfg = Debug|Any CPU
		{8D754B2F-997B-4AAB-9C3F-D1198C81E25D}.Debug|Any CPU.Build.0 = Debug|Any CPU
		{8D754B2F-997B-4AAB-9C3F-D1198C81E25D}.Release|Any CPU.ActiveCfg = Release|Any CPU
		{8D754B2F-997B-4AAB-9C3F-D1198C81E25D}.Release|Any CPU.Build.0 = Release|Any CPU
		{5EE3DE17-3D36-42A5-BE62-61A571435FBB}.Debug|Any CPU.ActiveCfg = Debug|Any CPU
		{5EE3DE17-3D36-42A5-BE62-61A571435FBB}.Debug|Any CPU.Build.0 = Debug|Any CPU
		{5EE3DE17-3D36-42A5-BE62-61A571435FBB}.Release|Any CPU.ActiveCfg = Release|Any CPU
		{5EE3DE17-3D36-42A5-BE62-61A571435FBB}.Release|Any CPU.Build.0 = Release|Any CPU
		{DD2D6211-3436-44E6-AA9F-1264A1147364}.Debug|Any CPU.ActiveCfg = Debug|Any CPU
		{DD2D6211-3436-44E6-AA9F-1264A1147364}.Debug|Any CPU.Build.0 = Debug|Any CPU
		{DD2D6211-3436-44E6-AA9F-1264A1147364}.Release|Any CPU.ActiveCfg = Release|Any CPU
		{DD2D6211-3436-44E6-AA9F-1264A1147364}.Release|Any CPU.Build.0 = Release|Any CPU
		{D78688D5-54AD-4090-8218-9381700B0BCB}.Debug|Any CPU.ActiveCfg = Debug|Any CPU
		{D78688D5-54AD-4090-8218-9381700B0BCB}.Debug|Any CPU.Build.0 = Debug|Any CPU
		{D78688D5-54AD-4090-8218-9381700B0BCB}.Release|Any CPU.ActiveCfg = Release|Any CPU
		{D78688D5-54AD-4090-8218-9381700B0BCB}.Release|Any CPU.Build.0 = Release|Any CPU
	EndGlobalSection
	GlobalSection(SolutionProperties) = preSolution
		HideSolutionNode = FALSE
	EndGlobalSection
	GlobalSection(NestedProjects) = preSolution
		{C4213933-FB3E-4BC0-86C2-1EC663A59F93} = {4A6C8D91-8D27-4068-B562-D76C9D28B67B}
		{27FB81B3-B2D4-40E9-A116-87ABF979BC1C} = {4A6C8D91-8D27-4068-B562-D76C9D28B67B}
		{E1D92383-B5FE-4CD5-AB21-77EF9FBD8850} = {4A6C8D91-8D27-4068-B562-D76C9D28B67B}
		{EF7A218A-9FE8-41A9-B61B-47E2AB297A9A} = {4A6C8D91-8D27-4068-B562-D76C9D28B67B}
		{E14D6DDF-B8E8-4AEB-9B71-0A10D20124B7} = {27FB81B3-B2D4-40E9-A116-87ABF979BC1C}
		{A969410B-B083-40C2-80B6-C5D80317DDBC} = {27FB81B3-B2D4-40E9-A116-87ABF979BC1C}
		{73A13883-857F-438C-B3CB-CCAFD5FE558A} = {E1D92383-B5FE-4CD5-AB21-77EF9FBD8850}
		{16EE9A38-5B95-4D08-9AD7-B13DEA56F3F4} = {E1D92383-B5FE-4CD5-AB21-77EF9FBD8850}
		{8D754B2F-997B-4AAB-9C3F-D1198C81E25D} = {EF7A218A-9FE8-41A9-B61B-47E2AB297A9A}
		{5EE3DE17-3D36-42A5-BE62-61A571435FBB} = {C4213933-FB3E-4BC0-86C2-1EC663A59F93}
		{DD2D6211-3436-44E6-AA9F-1264A1147364} = {1B9953FE-75E8-47EA-88F6-A73F331ED2E4}
		{D78688D5-54AD-4090-8218-9381700B0BCB} = {1B9953FE-75E8-47EA-88F6-A73F331ED2E4}
	EndGlobalSection
	GlobalSection(ExtensibilityGlobals) = postSolution
		SolutionGuid = {D877EDE9-D5A0-413E-A677-EC0C0C1C7CA6}
	EndGlobalSection
EndGlobal
